
Microsoft Visual Studio Solution File, Format Version 12.00
# Visual Studio Version 16
VisualStudioVersion = 16.0.31005.135
MinimumVisualStudioVersion = 10.0.40219.1
Project("{FAE04EC0-301F-11D3-BF4B-00C04F79EFBC}") = "ImplementFactoryMethodDesignPattern", "ImplementFactoryMethodDesignPattern.csproj", "{16950CC2-4D8E-42D1-85E9-E0D856C51C38}"
EndProject
Global
	GlobalSection(SolutionConfigurationPlatforms) = preSolution
		Debug|Any CPU = Debug|Any CPU
		Release|Any CPU = Release|Any CPU
	EndGlobalSection
	GlobalSection(ProjectConfigurationPlatforms) = postSolution
		{16950CC2-4D8E-42D1-85E9-E0D856C51C38}.Debug|Any CPU.ActiveCfg = Debug|Any CPU
		{16950CC2-4D8E-42D1-85E9-E0D856C51C38}.Debug|Any CPU.Build.0 = Debug|Any CPU
		{16950CC2-4D8E-42D1-85E9-E0D856C51C38}.Release|Any CPU.ActiveCfg = Release|Any CPU
		{16950CC2-4D8E-42D1-85E9-E0D856C51C38}.Release|Any CPU.Build.0 = Release|Any CPU
	EndGlobalSection
	GlobalSection(SolutionProperties) = preSolution
		HideSolutionNode = FALSE
	EndGlobalSection
	GlobalSection(ExtensibilityGlobals) = postSolution
		SolutionGuid = {B34DDCBD-4704-4F43-95E8-5F31EE167D67}
	EndGlobalSection
EndGlobal
